<?xml version="1.0" encoding="utf-8"?>
<Project ToolsVersion="4.0" xmlns="http://schemas.microsoft.com/developer/msbuild/2003">
  <ItemGroup>
    <ClCompile Include="MultiPad.cpp" />
    <ClCompile Include="WinMain.cpp" />
    <ClCompile Include="Rad\Dialog.cpp">
      <Filter>Rad</Filter>
    </ClCompile>
    <ClCompile Include="Rad\Log.cpp">
      <Filter>Rad</Filter>
    </ClCompile>
    <ClCompile Include="Rad\MDI.cpp">
      <Filter>Rad</Filter>
    </ClCompile>
    <ClCompile Include="Rad\MessageHandler.cpp">
      <Filter>Rad</Filter>
    </ClCompile>
    <ClCompile Include="Rad\Window.cpp">
      <Filter>Rad</Filter>
    </ClCompile>
    <ClCompile Include="Rad\WinError.cpp">
      <Filter>Rad</Filter>
    </ClCompile>
    <ClCompile Include="FileDialog.cpp" />
    <ClCompile Include="Rad\RadFile.cpp" />
    <ClCompile Include="Rad\RadTextFile.cpp" />
    <ClCompile Include="ShowMenuShortcutChain.cpp" />
    <ClCompile Include="CommandStateChain.cpp" />
  </ItemGroup>
  <ItemGroup>
    <ClInclude Include="Rad\Convert.h">
      <Filter>Rad</Filter>
    </ClInclude>
    <ClInclude Include="Rad\Dialog.h">
      <Filter>Rad</Filter>
    </ClInclude>
    <ClInclude Include="Rad\Format.h">
      <Filter>Rad</Filter>
    </ClInclude>
    <ClInclude Include="Rad\Log.h">
      <Filter>Rad</Filter>
    </ClInclude>
    <ClInclude Include="Rad\MemoryPlus.h">
      <Filter>Rad</Filter>
    </ClInclude>
    <ClInclude Include="Rad\MDI.h">
      <Filter>Rad</Filter>
    </ClInclude>
    <ClInclude Include="Rad\MessageHandler.h">
      <Filter>Rad</Filter>
    </ClInclude>
    <ClInclude Include="Rad\SourceLocation.h">
      <Filter>Rad</Filter>
    </ClInclude>
    <ClInclude Include="Rad\Window.h">
      <Filter>Rad</Filter>
    </ClInclude>
    <ClInclude Include="Rad\Windowxx.h">
      <Filter>Rad</Filter>
    </ClInclude>
    <ClInclude Include="Rad\WinError.h">
      <Filter>Rad</Filter>
    </ClInclude>
    <ClInclude Include="Rad\NewDebug.h">
      <Filter>Rad</Filter>
    </ClInclude>
    <ClInclude Include="WinMainSetup.h" />
    <ClInclude Include="resource.h" />
    <ClInclude Include="Rad\ByteOrderMark.h" />
    <ClInclude Include="Rad\byte_swap.h" />
    <ClInclude Include="Rad\RadFile.h" />
    <ClInclude Include="Rad\RadTextFile.h" />
    <ClInclude Include="Rad\span.h" />
    <ClInclude Include="Rad\Unicode.h" />
    <ClInclude Include="ShowMenuShortcutChain.h" />
    <ClInclude Include="CommandStateChain.h" />
  </ItemGroup>
  <ItemGroup>
    <Filter Include="Rad">
    </Filter>
  </ItemGroup>
  <ItemGroup>
    <ResourceCompile Include="MultiPad.rc" />
  </ItemGroup>
</Project>